
Microsoft Visual Studio Solution File, Format Version 12.00
# Visual Studio Version 16
VisualStudioVersion = 16.0.31515.178
MinimumVisualStudioVersion = 10.0.40219.1
Project("{FAE04EC0-301F-11D3-BF4B-00C04F79EFBC}") = "JSerial", "JSerial\JSerial.csproj", "{208A28DD-00ED-4C71-8B60-C84D8ED483C7}"
EndProject
Global
	GlobalSection(SolutionConfigurationPlatforms) = preSolution
		Debug|Any CPU = Debug|Any CPU
		Release|Any CPU = Release|Any CPU
	EndGlobalSection
	GlobalSection(ProjectConfigurationPlatforms) = postSolution
		{208A28DD-00ED-4C71-8B60-C84D8ED483C7}.Debug|Any CPU.ActiveCfg = Debug|Any CPU
		{208A28DD-00ED-4C71-8B60-C84D8ED483C7}.Debug|Any CPU.Build.0 = Debug|Any CPU
		{208A28DD-00ED-4C71-8B60-C84D8ED483C7}.Release|Any CPU.ActiveCfg = Release|Any CPU
		{208A28DD-00ED-4C71-8B60-C84D8ED483C7}.Release|Any CPU.Build.0 = Release|Any CPU
	EndGlobalSection
	GlobalSection(SolutionProperties) = preSolution
		HideSolutionNode = FALSE
	EndGlobalSection
	GlobalSection(ExtensibilityGlobals) = postSolution
		SolutionGuid = {05386F7E-32A0-4239-AAE5-0065061DD42E}
	EndGlobalSection
EndGlobal
